github.com/google/go-cmp v0.5.6 h1:BKbKCqvP6I+rmFHt06ZmyQtvB8xAkWdhFyr0ZUNZcxQ=
github.com/google/go-cmp v0.5.6/go.mod h1:v8dTdLbMG2kIc/vJvl+f65V22dbkXbowE6jgT/gNBxE=
github.com/sivchari/gotwtr v1.0.1 h1:cBd3ijWR+R0uMoHzP9+GRPqNbQU7yQMby3Ckb+eE0Mw=
github.com/sivchari/gotwtr v1.0.1/go.mod h1:Fh5ysSUvNhCmRg5Cxa4GYHd8DuF/0votPhctE/t1ksk=
golang.org/x/xerrors v0.0.0-20191204190536-9bdfabe68543/go.mod h1:I/5z698sn9Ka8TeJc9MKroUUfqBBauWjQqLJ2OPfmY0=
